Microsoft Visual Studio Solution File, Format Version 12.00
#
Project("{FAE04EC0-301F-11D3-BF4B-00C04F79EFBC}") = "Couchbase.SemanticKernel", "Couchbase.SemanticKernel\Couchbase.SemanticKernel.csproj", "{5D02D3E3-356F-4F12-B532-3FAD33A9836B}"
EndProject
Project("{FAE04EC0-301F-11D3-BF4B-00C04F79EFBC}") = "VectorData.ConformanceTests", "test\VectorData.ConformanceTests\VectorData.ConformanceTests.csproj", "{4D700627-3C94-4439-8DF5-BF7170EAEA3C}"
EndProject
Project("{FAE04EC0-301F-11D3-BF4B-00C04F79EFBC}") = "Tests.ConformanceTests", "Tests.ConformanceTests\Tests.ConformanceTests.csproj", "{57B03AE6-937B-4BC1-B1E1-F49AB46C0160}"
EndProject
Global
	GlobalSection(SolutionConfigurationPlatforms) = preSolution
		Debug|Any CPU = Debug|Any CPU
		Release|Any CPU = Release|Any CPU
	EndGlobalSection
	GlobalSection(ProjectConfigurationPlatforms) = postSolution
		{5D02D3E3-356F-4F12-B532-3FAD33A9836B}.Debug|Any CPU.ActiveCfg = Debug|Any CPU
		{5D02D3E3-356F-4F12-B532-3FAD33A9836B}.Debug|Any CPU.Build.0 = Debug|Any CPU
		{5D02D3E3-356F-4F12-B532-3FAD33A9836B}.Release|Any CPU.ActiveCfg = Release|Any CPU
		{5D02D3E3-356F-4F12-B532-3FAD33A9836B}.Release|Any CPU.Build.0 = Release|Any CPU
		{4D700627-3C94-4439-8DF5-BF7170EAEA3C}.Debug|Any CPU.ActiveCfg = Debug|Any CPU
		{4D700627-3C94-4439-8DF5-BF7170EAEA3C}.Debug|Any CPU.Build.0 = Debug|Any CPU
		{4D700627-3C94-4439-8DF5-BF7170EAEA3C}.Release|Any CPU.ActiveCfg = Release|Any CPU
		{4D700627-3C94-4439-8DF5-BF7170EAEA3C}.Release|Any CPU.Build.0 = Release|Any CPU
		{57B03AE6-937B-4BC1-B1E1-F49AB46C0160}.Debug|Any CPU.ActiveCfg = Debug|Any CPU
		{57B03AE6-937B-4BC1-B1E1-F49AB46C0160}.Debug|Any CPU.Build.0 = Debug|Any CPU
		{57B03AE6-937B-4BC1-B1E1-F49AB46C0160}.Release|Any CPU.ActiveCfg = Release|Any CPU
		{57B03AE6-937B-4BC1-B1E1-F49AB46C0160}.Release|Any CPU.Build.0 = Release|Any CPU
	EndGlobalSection
EndGlobal
